
Microsoft Visual Studio Solution File, Format Version 12.00
# Visual Studio Version 16
VisualStudioVersion = 16.0.30621.155
MinimumVisualStudioVersion = 10.0.40219.1
Project("{8BC9CEB8-8B4A-11D0-8D11-00A0C91BC942}") = "SimpleWinsockServer", "SimpleWinsockServer\SimpleWinsockServer.vcxproj", "{B98DA4CE-310C-4488-B5BE-FED32910D3DE}"
EndProject
Project("{8BC9CEB8-8B4A-11D0-8D11-00A0C91BC942}") = "ServerPacketHandlerDLL", "ServerPacketHandlerDLL\ServerPacketHandlerDLL.vcxproj", "{6FFD22FB-CBF1-4EC0-A867-A8E8C2AAA05F}"
EndProject
Global
	GlobalSection(SolutionConfigurationPlatforms) = preSolution
		Debug|x64 = Debug|x64
		Release|x64 = Release|x64
	EndGlobalSection
	GlobalSection(ProjectConfigurationPlatforms) = postSolution
		{B98DA4CE-310C-4488-B5BE-FED32910D3DE}.Debug|x64.ActiveCfg = Debug|x64
		{B98DA4CE-310C-4488-B5BE-FED32910D3DE}.Debug|x64.Build.0 = Debug|x64
		{B98DA4CE-310C-4488-B5BE-FED32910D3DE}.Release|x64.ActiveCfg = Release|x64
		{B98DA4CE-310C-4488-B5BE-FED32910D3DE}.Release|x64.Build.0 = Release|x64
		{6FFD22FB-CBF1-4EC0-A867-A8E8C2AAA05F}.Debug|x64.ActiveCfg = Debug|x64
		{6FFD22FB-CBF1-4EC0-A867-A8E8C2AAA05F}.Debug|x64.Build.0 = Debug|x64
		{6FFD22FB-CBF1-4EC0-A867-A8E8C2AAA05F}.Release|x64.ActiveCfg = Release|x64
		{6FFD22FB-CBF1-4EC0-A867-A8E8C2AAA05F}.Release|x64.Build.0 = Release|x64
	EndGlobalSection
	GlobalSection(SolutionProperties) = preSolution
		HideSolutionNode = FALSE
	EndGlobalSection
	GlobalSection(ExtensibilityGlobals) = postSolution
		SolutionGuid = {42FC0308-AE16-40E9-B8F7-F538E77B5140}
	EndGlobalSection
EndGlobal
